// !$*UTF8*$!
{
	archiveVersion = 1;
	classes = {
	};
	objectVersion = 52;
	objects = {

/* Begin PBXBuildFile section */
		2085A49525C716FF0060671C /* SwiftUIColorsApp.swift in Sources */ = {isa = PBXBuildFile; fileRef = 2085A49425C716FF0060671C /* SwiftUIColorsApp.swift */; };
		2085A49725C716FF0060671C /* ContentView.swift in Sources */ = {isa = PBXBuildFile; fileRef = 2085A49625C716FF0060671C /* ContentView.swift */; };
		2085A49925C717010060671C /* Assets.xcassets in Resources */ = {isa = PBXBuildFile; fileRef = 2085A49825C717010060671C /* Assets.xcassets */; };
		2085A49C25C717010060671C /* Preview Assets.xcassets in Resources */ = {isa = PBXBuildFile; fileRef = 2085A49B25C717010060671C /* Preview Assets.xcassets */; };
		2085A4A525C747AE0060671C /* UIColorConstants.swift in Sources */ = {isa = PBXBuildFile; fileRef = 2085A4A425C747AE0060671C /* UIColorConstants.swift */; };
		2085A4B025C749350060671C /* HexColor.swift in Sources */ = {isa = PBXBuildFile; fileRef = 2085A4AF25C749350060671C /* HexColor.swift */; };
		2085A4BE25C761610060671C /* BlackLabsSwiftUIColor in Frameworks */ = {isa = PBXBuildFile; productRef = 2085A4BD25C761610060671C /* BlackLabsSwiftUIColor */; };
		2085A4C125C786A60060671C /* RandomColorView.swift in Sources */ = {isa = PBXBuildFile; fileRef = 2085A4C025C786A60060671C /* RandomColorView.swift */; };
/* End PBXBuildFile section */

/* Begin PBXFileReference section */
		2085A49125C716FF0060671C /* SwiftUIColors.app */ = {isa = PBXFileReference; explicitFileType = wrapper.application; includeInIndex = 0; path = SwiftUIColors.app; sourceTree = BUILT_PRODUCTS_DIR; };
		2085A49425C716FF0060671C /* SwiftUIColorsApp.swift */ = {isa = PBXFileReference; lastKnownFileType = sourcecode.swift; path = SwiftUIColorsApp.swift; sourceTree = "<group>"; };
		2085A49625C716FF0060671C /* ContentView.swift */ = {isa = PBXFileReference; lastKnownFileType = sourcecode.swift; path = ContentView.swift; sourceTree = "<group>"; };
		2085A49825C717010060671C /* Assets.xcassets */ = {isa = PBXFileReference; lastKnownFileType = folder.assetcatalog; path = Assets.xcassets; sourceTree = "<group>"; };
		2085A49B25C717010060671C /* Preview Assets.xcassets */ = {isa = PBXFileReference; lastKnownFileType = folder.assetcatalog; path = "Preview Assets.xcassets"; sourceTree = "<group>"; };
		2085A49D25C717010060671C /* Info.plist */ = {isa = PBXFileReference; lastKnownFileType = text.plist.xml; path = Info.plist; sourceTree = "<group>"; };
		2085A4A425C747AE0060671C /* UIColorConstants.swift */ = {isa = PBXFileReference; lastKnownFileType = sourcecode.swift; path = UIColorConstants.swift; sourceTree = "<group>"; };
		2085A4AF25C749350060671C /* HexColor.swift */ = {isa = PBXFileReference; lastKnownFileType = sourcecode.swift; path = HexColor.swift; sourceTree = "<group>"; };
		2085A4C025C786A60060671C /* RandomColorView.swift */ = {isa = PBXFileReference; lastKnownFileType = sourcecode.swift; path = RandomColorView.swift; sourceTree = "<group>"; };
/* End PBXFileReference section */

/* Begin PBXFrameworksBuildPhase section */
		2085A48E25C716FF0060671C /* Frameworks */ = {
			isa = PBXFrameworksBuildPhase;
			buildActionMask = 2147483647;
			files = (
				2085A4BE25C761610060671C /* BlackLabsSwiftUIColor in Frameworks */,
			);
			runOnlyForDeploymentPostprocessing = 0;
		};
/* End PBXFrameworksBuildPhase section */

/* Begin PBXGroup section */
		2085A48825C716FF0060671C = {
			isa = PBXGroup;
			children = (
				2085A49325C716FF0060671C /* SwiftUIColors */,
				2085A49225C716FF0060671C /* Products */,
			);
			sourceTree = "<group>";
		};
		2085A49225C716FF0060671C /* Products */ = {
			isa = PBXGroup;
			children = (
				2085A49125C716FF0060671C /* SwiftUIColors.app */,
			);
			name = Products;
			sourceTree = "<group>";
		};
		2085A49325C716FF0060671C /* SwiftUIColors */ = {
			isa = PBXGroup;
			children = (
				2085A49425C716FF0060671C /* SwiftUIColorsApp.swift */,
				2085A49625C716FF0060671C /* ContentView.swift */,
				2085A4A425C747AE0060671C /* UIColorConstants.swift */,
				2085A4C025C786A60060671C /* RandomColorView.swift */,
				2085A4AF25C749350060671C /* HexColor.swift */,
				2085A49825C717010060671C /* Assets.xcassets */,
				2085A49D25C717010060671C /* Info.plist */,
				2085A49A25C717010060671C /* Preview Content */,
			);
			path = SwiftUIColors;
			sourceTree = "<group>";
		};
		2085A49A25C717010060671C /* Preview Content */ = {
			isa = PBXGroup;
			children = (
				2085A49B25C717010060671C /* Preview Assets.xcassets */,
			);
			path = "Preview Content";
			sourceTree = "<group>";
		};
/* End PBXGroup section */

/* Begin PBXNativeTarget section */
		2085A49025C716FF0060671C /* SwiftUIColors */ = {
			isa = PBXNativeTarget;
			buildConfigurationList = 2085A4A025C717010060671C /* Build configuration list for PBXNativeTarget "SwiftUIColors" */;
			buildPhases = (
				2085A48D25C716FF0060671C /* Sources */,
				2085A48E25C716FF0060671C /* Frameworks */,
				2085A48F25C716FF0060671C /* Resources */,
			);
			buildRules = (
			);
			dependencies = (
			);
			name = SwiftUIColors;
			packageProductDependencies = (
				2085A4BD25C761610060671C /* BlackLabsSwiftUIColor */,
			);
			productName = SwiftUIColors;
			productReference = 2085A49125C716FF0060671C /* SwiftUIColors.app */;
			productType = "com.apple.product-type.application";
		};
/* End PBXNativeTarget section */

/* Begin PBXProject section */
		2085A48925C716FF0060671C /* Project object */ = {
			isa = PBXProject;
			attributes = {
				LastSwiftUpdateCheck = 1240;
				LastUpgradeCheck = 1240;
				TargetAttributes = {
					2085A49025C716FF0060671C = {
						CreatedOnToolsVersion = 12.4;
					};
				};
			};
			buildConfigurationList = 2085A48C25C716FF0060671C /* Build configuration list for PBXProject "SwiftUIColors" */;
			compatibilityVersion = "Xcode 9.3";
			developmentRegion = en;
			hasScannedForEncodings = 0;
			knownRegions = (
				en,
				Base,
			);
			mainGroup = 2085A48825C716FF0060671C;
			packageReferences = (
				2085A4BC25C761610060671C /* XCRemoteSwiftPackageReference "BlackLabsSwiftUIColor" */,
			);
			productRefGroup = 2085A49225C716FF0060671C /* Products */;
			projectDirPath = "";
			projectRoot = "";
			targets = (
				2085A49025C716FF0060671C /* SwiftUIColors */,
			);
		};
/* End PBXProject section */

/* Begin PBXResourcesBuildPhase section */
		2085A48F25C716FF0060671C /* Resources */ = {
			isa = PBXResourcesBuildPhase;
			buildActionMask = 2147483647;
			files = (
				2085A49C25C717010060671C /* Preview Assets.xcassets in Resources */,
				2085A49925C717010060671C /* Assets.xcassets in Resources */,
			);
			runOnlyForDeploymentPostprocessing = 0;
		};
/* End PBXResourcesBuildPhase section */

/* Begin PBXSourcesBuildPhase section */
		2085A48D25C716FF0060671C /* Sources */ = {
			isa = PBXSourcesBuildPhase;
			buildActionMask = 2147483647;
			files = (
				2085A4A525C747AE0060671C /* UIColorConstants.swift in Sources */,
				2085A4B025C749350060671C /* HexColor.swift in Sources */,
				2085A4C125C786A60060671C /* RandomColorView.swift in Sources */,
				2085A49725C716FF0060671C /* ContentView.swift in Sources */,
				2085A49525C716FF0060671C /* SwiftUIColorsApp.swift in Sources */,
			);
			runOnlyForDeploymentPostprocessing = 0;
		};
/* End PBXSourcesBuildPhase section */

/* Begin XCBuildConfiguration section */
		2085A49E25C717010060671C /* Debug */ = {
			isa = XCBuildConfiguration;
			buildSettings = {
				ALWAYS_SEARCH_USER_PATHS = NO;
				CLANG_ANALYZER_NONNULL = YES;
				CLANG_ANALYZER_NUMBER_OBJECT_CONVERSION = YES_AGGRESSIVE;
				CLANG_CXX_LANGUAGE_STANDARD = "gnu++14";
				CLANG_CXX_LIBRARY = "libc++";
				CLANG_ENABLE_MODULES = YES;
				CLANG_ENABLE_OBJC_ARC = YES;
				CLANG_ENABLE_OBJC_WEAK = YES;
				CLANG_WARN_BLOCK_CAPTURE_AUTORELEASING = YES;
				CLANG_WARN_BOOL_CONVERSION = YES;
				CLANG_WARN_COMMA = YES;
				CLANG_WARN_CONSTANT_CONVERSION = YES;
				CLANG_WARN_DEPRECATED_OBJC_IMPLEMENTATIONS = YES;
				CLANG_WARN_DIRECT_OBJC_ISA_USAGE = YES_ERROR;
				CLANG_WARN_DOCUMENTATION_COMMENTS = YES;
				CLANG_WARN_EMPTY_BODY = YES;
				CLANG_WARN_ENUM_CONVERSION = YES;
				CLANG_WARN_INFINITE_RECURSION = YES;
				CLANG_WARN_INT_CONVERSION = YES;
				CLANG_WARN_NON_LITERAL_NULL_CONVERSION = YES;
				CLANG_WARN_OBJC_IMPLICIT_RETAIN_SELF = YES;
				CLANG_WARN_OBJC_LITERAL_CONVERSION = YES;
				CLANG_WARN_OBJC_ROOT_CLASS = YES_ERROR;
				CLANG_WARN_QUOTED_INCLUDE_IN_FRAMEWORK_HEADER = YES;
				CLANG_WARN_RANGE_LOOP_ANALYSIS = YES;
				CLANG_WARN_STRICT_PROTOTYPES = YES;
				CLANG_WARN_SUSPICIOUS_MOVE = YES;
				CLANG_WARN_UNGUARDED_AVAILABILITY = YES_AGGRESSIVE;
				CLANG_WARN_UNREACHABLE_CODE = YES;
				CLANG_WARN__DUPLICATE_METHOD_MATCH = YES;
				COPY_PHASE_STRIP = NO;
				DEBUG_INFORMATION_FORMAT = dwarf;
				ENABLE_STRICT_OBJC_MSGSEND = YES;
				ENABLE_TESTABILITY = YES;
				GCC_C_LANGUAGE_STANDARD = gnu11;
				GCC_DYNAMIC_NO_PIC = NO;
				GCC_NO_COMMON_BLOCKS = YES;
				GCC_OPTIMIZATION_LEVEL = 0;
				GCC_PREPROCESSOR_DEFINITIONS = (
					"DEBUG=1",
					"$(inherited)",
				);
				GCC_WARN_64_TO_32_BIT_CONVERSION = YES;
				GCC_WARN_ABOUT_RETURN_TYPE = YES_ERROR;
				GCC_WARN_UNDECLARED_SELECTOR = YES;
				GCC_WARN_UNINITIALIZED_AUTOS = YES_AGGRESSIVE;
				GCC_WARN_UNUSED_FUNCTION = YES;
				GCC_WARN_UNUSED_VARIABLE = YES;
				IPHONEOS_DEPLOYMENT_TARGET = 14.4;
				MTL_ENABLE_DEBUG_INFO = INCLUDE_SOURCE;
				MTL_FAST_MATH = YES;
				ONLY_ACTIVE_ARCH = YES;
				SDKROOT = iphoneos;
				SWIFT_ACTIVE_COMPILATION_CONDITIONS = DEBUG;
				SWIFT_OPTIMIZATION_LEVEL = "-Onone";
			};
			name = Debug;
		};
		2085A49F25C717010060671C /* Release */ = {
			isa = XCBuildConfiguration;
			buildSettings = {
				ALWAYS_SEARCH_USER_PATHS = NO;
				CLANG_ANALYZER_NONNULL = YES;
				CLANG_ANALYZER_NUMBER_OBJECT_CONVERSION = YES_AGGRESSIVE;
				CLANG_CXX_LANGUAGE_STANDARD = "gnu++14";
				CLANG_CXX_LIBRARY = "libc++";
				CLANG_ENABLE_MODULES = YES;
				CLANG_ENABLE_OBJC_ARC = YES;
				CLANG_ENABLE_OBJC_WEAK = YES;
				CLANG_WARN_BLOCK_CAPTURE_AUTORELEASING = YES;
				CLANG_WARN_BOOL_CONVERSION = YES;
				CLANG_WARN_COMMA = YES;
				CLANG_WARN_CONSTANT_CONVERSION = YES;
				CLANG_WARN_DEPRECATED_OBJC_IMPLEMENTATIONS = YES;
				CLANG_WARN_DIRECT_OBJC_ISA_USAGE = YES_ERROR;
				CLANG_WARN_DOCUMENTATION_COMMENTS = YES;
				CLANG_WARN_EMPTY_BODY = YES;
				CLANG_WARN_ENUM_CONVERSION = YES;
				CLANG_WARN_INFINITE_RECURSION = YES;
				CLANG_WARN_INT_CONVERSION = YES;
				CLANG_WARN_NON_LITERAL_NULL_CONVERSION = YES;
				CLANG_WARN_OBJC_IMPLICIT_RETAIN_SELF = YES;
				CLANG_WARN_OBJC_LITERAL_CONVERSION = YES;
				CLANG_WARN_OBJC_ROOT_CLASS = YES_ERROR;
				CLANG_WARN_QUOTED_INCLUDE_IN_FRAMEWORK_HEADER = YES;
				CLANG_WARN_RANGE_LOOP_ANALYSIS = YES;
				CLANG_WARN_STRICT_PROTOTYPES = YES;
				CLANG_WARN_SUSPICIOUS_MOVE = YES;
				CLANG_WARN_UNGUARDED_AVAILABILITY = YES_AGGRESSIVE;
				CLANG_WARN_UNREACHABLE_CODE = YES;
				CLANG_WARN__DUPLICATE_METHOD_MATCH = YES;
				COPY_PHASE_STRIP = NO;
				DEBUG_INFORMATION_FORMAT = "dwarf-with-dsym";
				ENABLE_NS_ASSERTIONS = NO;
				ENABLE_STRICT_OBJC_MSGSEND = YES;
				GCC_C_LANGUAGE_STANDARD = gnu11;
				GCC_NO_COMMON_BLOCKS = YES;
				GCC_WARN_64_TO_32_BIT_CONVERSION = YES;
				GCC_WARN_ABOUT_RETURN_TYPE = YES_ERROR;
				GCC_WARN_UNDECLARED_SELECTOR = YES;
				GCC_WARN_UNINITIALIZED_AUTOS = YES_AGGRESSIVE;
				GCC_WARN_UNUSED_FUNCTION = YES;
				GCC_WARN_UNUSED_VARIABLE = YES;
				IPHONEOS_DEPLOYMENT_TARGET = 14.4;
				MTL_ENABLE_DEBUG_INFO = NO;
				MTL_FAST_MATH = YES;
				SDKROOT = iphoneos;
				SWIFT_COMPILATION_MODE = wholemodule;
				SWIFT_OPTIMIZATION_LEVEL = "-O";
				VALIDATE_PRODUCT = YES;
			};
			name = Release;
		};
		2085A4A125C717010060671C /* Debug */ = {
			isa = XCBuildConfiguration;
			buildSettings = {
				ASSETCATALOG_COMPILER_APPICON_NAME = AppIcon;
				ASSETCATALOG_COMPILER_GLOBAL_ACCENT_COLOR_NAME = AccentColor;
				CODE_SIGN_STYLE = Automatic;
				DEVELOPMENT_ASSET_PATHS = "\"SwiftUIColors/Preview Content\"";
				DEVELOPMENT_TEAM = BGR2CU5KFK;
				ENABLE_PREVIEWS = YES;
				INFOPLIST_FILE = SwiftUIColors/Info.plist;
				IPHONEOS_DEPLOYMENT_TARGET = 14.0;
				LD_RUNPATH_SEARCH_PATHS = (
					"$(inherited)",
					"@executable_path/Frameworks",
				);
				PRODUCT_BUNDLE_IDENTIFIER = blacklabs.SwiftUIColors;
				PRODUCT_NAME = "$(TARGET_NAME)";
				SWIFT_VERSION = 5.0;
				TARGETED_DEVICE_FAMILY = "1,2";
			};
			name = Debug;
		};
		2085A4A225C717010060671C /* Release */ = {
			isa = XCBuildConfiguration;
			buildSettings = {
				ASSETCATALOG_COMPILER_APPICON_NAME = AppIcon;
				ASSETCATALOG_COMPILER_GLOBAL_ACCENT_COLOR_NAME = AccentColor;
				CODE_SIGN_STYLE = Automatic;
				DEVELOPMENT_ASSET_PATHS = "\"SwiftUIColors/Preview Content\"";
				DEVELOPMENT_TEAM = BGR2CU5KFK;
				ENABLE_PREVIEWS = YES;
				INFOPLIST_FILE = SwiftUIColors/Info.plist;
				IPHONEOS_DEPLOYMENT_TARGET = 14.0;
				LD_RUNPATH_SEARCH_PATHS = (
					"$(inherited)",
					"@executable_path/Frameworks",
				);
				PRODUCT_BUNDLE_IDENTIFIER = blacklabs.SwiftUIColors;
				PRODUCT_NAME = "$(TARGET_NAME)";
				SWIFT_VERSION = 5.0;
				TARGETED_DEVICE_FAMILY = "1,2";
			};
			name = Release;
		};
/* End XCBuildConfiguration section */

/* Begin XCConfigurationList section */
		2085A48C25C716FF0060671C /* Build configuration list for PBXProject "SwiftUIColors" */ = {
			isa = XCConfigurationList;
			buildConfigurations = (
				2085A49E25C717010060671C /* Debug */,
				2085A49F25C717010060671C /* Release */,
			);
			defaultConfigurationIsVisible = 0;
			defaultConfigurationName = Release;
		};
		2085A4A025C717010060671C /* Build configuration list for PBXNativeTarget "SwiftUIColors" */ = {
			isa = XCConfigurationList;
			buildConfigurations = (
				2085A4A125C717010060671C /* Debug */,
				2085A4A225C717010060671C /* Release */,
			);
			defaultConfigurationIsVisible = 0;
			defaultConfigurationName = Release;
		};
/* End XCConfigurationList section */

/* Begin XCRemoteSwiftPackageReference section */
		2085A4BC25C761610060671C /* XCRemoteSwiftPackageReference "BlackLabsSwiftUIColor" */ = {
			isa = XCRemoteSwiftPackageReference;
			repositoryURL = "https://github.com/nbasham/BlackLabsSwiftUIColor";
			requirement = {
				kind = upToNextMajorVersion;
				minimumVersion = 1.0.2;
			};
		};
/* End XCRemoteSwiftPackageReference section */

/* Begin XCSwiftPackageProductDependency section */
		2085A4BD25C761610060671C /* BlackLabsSwiftUIColor */ = {
			isa = XCSwiftPackageProductDependency;
			package = 2085A4BC25C761610060671C /* XCRemoteSwiftPackageReference "BlackLabsSwiftUIColor" */;
			productName = BlackLabsSwiftUIColor;
		};
/* End XCSwiftPackageProductDependency section */
	};
	rootObject = 2085A48925C716FF0060671C /* Project object */;
}
